
Microsoft Visual Studio Solution File, Format Version 12.00
# Visual Studio 15
VisualStudioVersion = 15.0.28307.102
MinimumVisualStudioVersion = 10.0.40219.1
Project("{FAE04EC0-301F-11D3-BF4B-00C04F79EFBC}") = "abarrotes", "abarrotes\abarrotes.csproj", "{167C5927-6D38-4A59-9DB9-5B020D48FA32}"
EndProject
Global
	GlobalSection(SolutionConfigurationPlatforms) = preSolution
		Debug|Any CPU = Debug|Any CPU
		Release|Any CPU = Release|Any CPU
	EndGlobalSection
	GlobalSection(ProjectConfigurationPlatforms) = postSolution
		{167C5927-6D38-4A59-9DB9-5B020D48FA32}.Debug|Any CPU.ActiveCfg = Debug|Any CPU
		{167C5927-6D38-4A59-9DB9-5B020D48FA32}.Debug|Any CPU.Build.0 = Debug|Any CPU
		{167C5927-6D38-4A59-9DB9-5B020D48FA32}.Release|Any CPU.ActiveCfg = Release|Any CPU
		{167C5927-6D38-4A59-9DB9-5B020D48FA32}.Release|Any CPU.Build.0 = Release|Any CPU
	EndGlobalSection
	GlobalSection(SolutionProperties) = preSolution
		HideSolutionNode = FALSE
	EndGlobalSection
	GlobalSection(ExtensibilityGlobals) = postSolution
		SolutionGuid = {C157A38D-03A2-419C-A795-7FA92E493230}
	EndGlobalSection
EndGlobal
